
Microsoft Visual Studio Solution File, Format Version 12.00
# Visual Studio 15
VisualStudioVersion = 15.0.26124.0
MinimumVisualStudioVersion = 15.0.26124.0
Project("{FAE04EC0-301F-11D3-BF4B-00C04F79EFBC}") = "SieuThiMini-backend.AppService", "SieuThiMini-backend.AppService\SieuThiMini-backend.AppService.csproj", "{86A806D7-C077-452F-A00F-37CA28D83D5C}"
EndProject
Project("{FAE04EC0-301F-11D3-BF4B-00C04F79EFBC}") = "SieuThiMini-backend.Contract", "SieuThiMini-backend.Contract\SieuThiMini-backend.Contract.csproj", "{121BDD98-A6D9-435D-A559-C9DDB0064E99}"
EndProject
Project("{FAE04EC0-301F-11D3-BF4B-00C04F79EFBC}") = "SieuThiMini-backend.Dal", "SieuThiMini-backend.Dal\SieuThiMini-backend.Dal.csproj", "{F1768D4C-189B-4CF1-9CD0-DCD1AF774AFE}"
EndProject
Project("{FAE04EC0-301F-11D3-BF4B-00C04F79EFBC}") = "SieuThiMini-backend.Startup", "SieuThiMini-backend.Startup\SieuThiMini-backend.Startup.csproj", "{80435205-A395-4754-A8B4-6DF0435165AF}"
EndProject
Project("{FAE04EC0-301F-11D3-BF4B-00C04F79EFBC}") = "SieuThiMini-backend.WebApi", "SieuThiMini-backend.WebApi\SieuThiMini-backend.WebApi.csproj", "{5E34D948-B07A-4043-8C20-6E542AF3B4C4}"
EndProject
Global
	GlobalSection(SolutionConfigurationPlatforms) = preSolution
		Debug|Any CPU = Debug|Any CPU
		Debug|x64 = Debug|x64
		Debug|x86 = Debug|x86
		Release|Any CPU = Release|Any CPU
		Release|x64 = Release|x64
		Release|x86 = Release|x86
	EndGlobalSection
	GlobalSection(SolutionProperties) = preSolution
		HideSolutionNode = FALSE
	EndGlobalSection
	GlobalSection(ProjectConfigurationPlatforms) = postSolution
		{86A806D7-C077-452F-A00F-37CA28D83D5C}.Debug|Any CPU.ActiveCfg = Debug|Any CPU
		{86A806D7-C077-452F-A00F-37CA28D83D5C}.Debug|Any CPU.Build.0 = Debug|Any CPU
		{86A806D7-C077-452F-A00F-37CA28D83D5C}.Debug|x64.ActiveCfg = Debug|Any CPU
		{86A806D7-C077-452F-A00F-37CA28D83D5C}.Debug|x64.Build.0 = Debug|Any CPU
		{86A806D7-C077-452F-A00F-37CA28D83D5C}.Debug|x86.ActiveCfg = Debug|Any CPU
		{86A806D7-C077-452F-A00F-37CA28D83D5C}.Debug|x86.Build.0 = Debug|Any CPU
		{86A806D7-C077-452F-A00F-37CA28D83D5C}.Release|Any CPU.ActiveCfg = Release|Any CPU
		{86A806D7-C077-452F-A00F-37CA28D83D5C}.Release|Any CPU.Build.0 = Release|Any CPU
		{86A806D7-C077-452F-A00F-37CA28D83D5C}.Release|x64.ActiveCfg = Release|Any CPU
		{86A806D7-C077-452F-A00F-37CA28D83D5C}.Release|x64.Build.0 = Release|Any CPU
		{86A806D7-C077-452F-A00F-37CA28D83D5C}.Release|x86.ActiveCfg = Release|Any CPU
		{86A806D7-C077-452F-A00F-37CA28D83D5C}.Release|x86.Build.0 = Release|Any CPU
		{121BDD98-A6D9-435D-A559-C9DDB0064E99}.Debug|Any CPU.ActiveCfg = Debug|Any CPU
		{121BDD98-A6D9-435D-A559-C9DDB0064E99}.Debug|Any CPU.Build.0 = Debug|Any CPU
		{121BDD98-A6D9-435D-A559-C9DDB0064E99}.Debug|x64.ActiveCfg = Debug|Any CPU
		{121BDD98-A6D9-435D-A559-C9DDB0064E99}.Debug|x64.Build.0 = Debug|Any CPU
		{121BDD98-A6D9-435D-A559-C9DDB0064E99}.Debug|x86.ActiveCfg = Debug|Any CPU
		{121BDD98-A6D9-435D-A559-C9DDB0064E99}.Debug|x86.Build.0 = Debug|Any CPU
		{121BDD98-A6D9-435D-A559-C9DDB0064E99}.Release|Any CPU.ActiveCfg = Release|Any CPU
		{121BDD98-A6D9-435D-A559-C9DDB0064E99}.Release|Any CPU.Build.0 = Release|Any CPU
		{121BDD98-A6D9-435D-A559-C9DDB0064E99}.Release|x64.ActiveCfg = Release|Any CPU
		{121BDD98-A6D9-435D-A559-C9DDB0064E99}.Release|x64.Build.0 = Release|Any CPU
		{121BDD98-A6D9-435D-A559-C9DDB0064E99}.Release|x86.ActiveCfg = Release|Any CPU
		{121BDD98-A6D9-435D-A559-C9DDB0064E99}.Release|x86.Build.0 = Release|Any CPU
		{F1768D4C-189B-4CF1-9CD0-DCD1AF774AFE}.Debug|Any CPU.ActiveCfg = Debug|Any CPU
		{F1768D4C-189B-4CF1-9CD0-DCD1AF774AFE}.Debug|Any CPU.Build.0 = Debug|Any CPU
		{F1768D4C-189B-4CF1-9CD0-DCD1AF774AFE}.Debug|x64.ActiveCfg = Debug|Any CPU
		{F1768D4C-189B-4CF1-9CD0-DCD1AF774AFE}.Debug|x64.Build.0 = Debug|Any CPU
		{F1768D4C-189B-4CF1-9CD0-DCD1AF774AFE}.Debug|x86.ActiveCfg = Debug|Any CPU
		{F1768D4C-189B-4CF1-9CD0-DCD1AF774AFE}.Debug|x86.Build.0 = Debug|Any CPU
		{F1768D4C-189B-4CF1-9CD0-DCD1AF774AFE}.Release|Any CPU.ActiveCfg = Release|Any CPU
		{F1768D4C-189B-4CF1-9CD0-DCD1AF774AFE}.Release|Any CPU.Build.0 = Release|Any CPU
		{F1768D4C-189B-4CF1-9CD0-DCD1AF774AFE}.Release|x64.ActiveCfg = Release|Any CPU
		{F1768D4C-189B-4CF1-9CD0-DCD1AF774AFE}.Release|x64.Build.0 = Release|Any CPU
		{F1768D4C-189B-4CF1-9CD0-DCD1AF774AFE}.Release|x86.ActiveCfg = Release|Any CPU
		{F1768D4C-189B-4CF1-9CD0-DCD1AF774AFE}.Release|x86.Build.0 = Release|Any CPU
		{80435205-A395-4754-A8B4-6DF0435165AF}.Debug|Any CPU.ActiveCfg = Debug|Any CPU
		{80435205-A395-4754-A8B4-6DF0435165AF}.Debug|Any CPU.Build.0 = Debug|Any CPU
		{80435205-A395-4754-A8B4-6DF0435165AF}.Debug|x64.ActiveCfg = Debug|Any CPU
		{80435205-A395-4754-A8B4-6DF0435165AF}.Debug|x64.Build.0 = Debug|Any CPU
		{80435205-A395-4754-A8B4-6DF0435165AF}.Debug|x86.ActiveCfg = Debug|Any CPU
		{80435205-A395-4754-A8B4-6DF0435165AF}.Debug|x86.Build.0 = Debug|Any CPU
		{80435205-A395-4754-A8B4-6DF0435165AF}.Release|Any CPU.ActiveCfg = Release|Any CPU
		{80435205-A395-4754-A8B4-6DF0435165AF}.Release|Any CPU.Build.0 = Release|Any CPU
		{80435205-A395-4754-A8B4-6DF0435165AF}.Release|x64.ActiveCfg = Release|Any CPU
		{80435205-A395-4754-A8B4-6DF0435165AF}.Release|x64.Build.0 = Release|Any CPU
		{80435205-A395-4754-A8B4-6DF0435165AF}.Release|x86.ActiveCfg = Release|Any CPU
		{80435205-A395-4754-A8B4-6DF0435165AF}.Release|x86.Build.0 = Release|Any CPU
		{5E34D948-B07A-4043-8C20-6E542AF3B4C4}.Debug|Any CPU.ActiveCfg = Debug|Any CPU
		{5E34D948-B07A-4043-8C20-6E542AF3B4C4}.Debug|Any CPU.Build.0 = Debug|Any CPU
		{5E34D948-B07A-4043-8C20-6E542AF3B4C4}.Debug|x64.ActiveCfg = Debug|Any CPU
		{5E34D948-B07A-4043-8C20-6E542AF3B4C4}.Debug|x64.Build.0 = Debug|Any CPU
		{5E34D948-B07A-4043-8C20-6E542AF3B4C4}.Debug|x86.ActiveCfg = Debug|Any CPU
		{5E34D948-B07A-4043-8C20-6E542AF3B4C4}.Debug|x86.Build.0 = Debug|Any CPU
		{5E34D948-B07A-4043-8C20-6E542AF3B4C4}.Release|Any CPU.ActiveCfg = Release|Any CPU
		{5E34D948-B07A-4043-8C20-6E542AF3B4C4}.Release|Any CPU.Build.0 = Release|Any CPU
		{5E34D948-B07A-4043-8C20-6E542AF3B4C4}.Release|x64.ActiveCfg = Release|Any CPU
		{5E34D948-B07A-4043-8C20-6E542AF3B4C4}.Release|x64.Build.0 = Release|Any CPU
		{5E34D948-B07A-4043-8C20-6E542AF3B4C4}.Release|x86.ActiveCfg = Release|Any CPU
		{5E34D948-B07A-4043-8C20-6E542AF3B4C4}.Release|x86.Build.0 = Release|Any CPU
	EndGlobalSection
EndGlobal
